
Microsoft Visual Studio Solution File, Format Version 12.00
# Visual Studio Version 16
VisualStudioVersion = 16.0.30907.101
MinimumVisualStudioVersion = 10.0.40219.1
Project("{9A19103F-16F7-4668-BE54-9A1E7A4F7556}") = "Gunz.Server.Api", "Gunz.Server.Api\Gunz.Server.Api.csproj", "{42E50A95-2191-4E25-8935-01ADD6C179EC}"
EndProject
Project("{9A19103F-16F7-4668-BE54-9A1E7A4F7556}") = "Gunz.Server.Domain", "Gunz.Server.Domain\Gunz.Server.Domain.csproj", "{1121BC90-F9C5-419C-9769-151DAB0B9E7F}"
EndProject
Project("{9A19103F-16F7-4668-BE54-9A1E7A4F7556}") = "Gunz.Server.Data", "Gunz.Server.Data\Gunz.Server.Data.csproj", "{0EB5D096-2339-4059-AB9E-2C3FAB2DA83B}"
EndProject
Global
	GlobalSection(SolutionConfigurationPlatforms) = preSolution
		Debug|Any CPU = Debug|Any CPU
		Release|Any CPU = Release|Any CPU
	EndGlobalSection
	GlobalSection(ProjectConfigurationPlatforms) = postSolution
		{42E50A95-2191-4E25-8935-01ADD6C179EC}.Debug|Any CPU.ActiveCfg = Debug|Any CPU
		{42E50A95-2191-4E25-8935-01ADD6C179EC}.Debug|Any CPU.Build.0 = Debug|Any CPU
		{42E50A95-2191-4E25-8935-01ADD6C179EC}.Release|Any CPU.ActiveCfg = Release|Any CPU
		{42E50A95-2191-4E25-8935-01ADD6C179EC}.Release|Any CPU.Build.0 = Release|Any CPU
		{1121BC90-F9C5-419C-9769-151DAB0B9E7F}.Debug|Any CPU.ActiveCfg = Debug|Any CPU
		{1121BC90-F9C5-419C-9769-151DAB0B9E7F}.Debug|Any CPU.Build.0 = Debug|Any CPU
		{1121BC90-F9C5-419C-9769-151DAB0B9E7F}.Release|Any CPU.ActiveCfg = Release|Any CPU
		{1121BC90-F9C5-419C-9769-151DAB0B9E7F}.Release|Any CPU.Build.0 = Release|Any CPU
		{0EB5D096-2339-4059-AB9E-2C3FAB2DA83B}.Debug|Any CPU.ActiveCfg = Debug|Any CPU
		{0EB5D096-2339-4059-AB9E-2C3FAB2DA83B}.Debug|Any CPU.Build.0 = Debug|Any CPU
		{0EB5D096-2339-4059-AB9E-2C3FAB2DA83B}.Release|Any CPU.ActiveCfg = Release|Any CPU
		{0EB5D096-2339-4059-AB9E-2C3FAB2DA83B}.Release|Any CPU.Build.0 = Release|Any CPU
	EndGlobalSection
	GlobalSection(SolutionProperties) = preSolution
		HideSolutionNode = FALSE
	EndGlobalSection
	GlobalSection(ExtensibilityGlobals) = postSolution
		SolutionGuid = {5B52AC1C-D6CF-4976-9AAC-581323EEEE2B}
	EndGlobalSection
EndGlobal
